
Microsoft Visual Studio Solution File, Format Version 12.00
# Visual Studio Version 17
VisualStudioVersion = 17.14.36429.23 d17.14
MinimumVisualStudioVersion = 10.0.40219.1
Project("{FAE04EC0-301F-11D3-BF4B-00C04F79EFBC}") = "LRSlider", "LRSlider\LRSlider.csproj", "{A2B40118-A6E0-47F3-A1B2-566B2DE899F0}"
EndProject
Project("{FAE04EC0-301F-11D3-BF4B-00C04F79EFBC}") = "TestBed", "TestBed\TestBed.csproj", "{128F6DBC-C246-4044-AFEF-689B5FA0BCCD}"
EndProject
Global
	GlobalSection(SolutionConfigurationPlatforms) = preSolution
		Debug|Any CPU = Debug|Any CPU
		Debug|x64 = Debug|x64
		Release|Any CPU = Release|Any CPU
		Release|x64 = Release|x64
	EndGlobalSection
	GlobalSection(ProjectConfigurationPlatforms) = postSolution
		{A2B40118-A6E0-47F3-A1B2-566B2DE899F0}.Debug|Any CPU.ActiveCfg = Debug|Any CPU
		{A2B40118-A6E0-47F3-A1B2-566B2DE899F0}.Debug|Any CPU.Build.0 = Debug|Any CPU
		{A2B40118-A6E0-47F3-A1B2-566B2DE899F0}.Debug|x64.ActiveCfg = Debug|x64
		{A2B40118-A6E0-47F3-A1B2-566B2DE899F0}.Debug|x64.Build.0 = Debug|x64
		{A2B40118-A6E0-47F3-A1B2-566B2DE899F0}.Release|Any CPU.ActiveCfg = Release|Any CPU
		{A2B40118-A6E0-47F3-A1B2-566B2DE899F0}.Release|Any CPU.Build.0 = Release|Any CPU
		{A2B40118-A6E0-47F3-A1B2-566B2DE899F0}.Release|x64.ActiveCfg = Release|x64
		{A2B40118-A6E0-47F3-A1B2-566B2DE899F0}.Release|x64.Build.0 = Release|x64
		{128F6DBC-C246-4044-AFEF-689B5FA0BCCD}.Debug|Any CPU.ActiveCfg = Debug|Any CPU
		{128F6DBC-C246-4044-AFEF-689B5FA0BCCD}.Debug|Any CPU.Build.0 = Debug|Any CPU
		{128F6DBC-C246-4044-AFEF-689B5FA0BCCD}.Debug|x64.ActiveCfg = Debug|x64
		{128F6DBC-C246-4044-AFEF-689B5FA0BCCD}.Debug|x64.Build.0 = Debug|x64
		{128F6DBC-C246-4044-AFEF-689B5FA0BCCD}.Release|Any CPU.ActiveCfg = Release|Any CPU
		{128F6DBC-C246-4044-AFEF-689B5FA0BCCD}.Release|Any CPU.Build.0 = Release|Any CPU
		{128F6DBC-C246-4044-AFEF-689B5FA0BCCD}.Release|x64.ActiveCfg = Release|x64
		{128F6DBC-C246-4044-AFEF-689B5FA0BCCD}.Release|x64.Build.0 = Release|x64
	EndGlobalSection
	GlobalSection(SolutionProperties) = preSolution
		HideSolutionNode = FALSE
	EndGlobalSection
	GlobalSection(ExtensibilityGlobals) = postSolution
		SolutionGuid = {264F83A0-378B-49E0-895A-C1C67814DAEF}
	EndGlobalSection
EndGlobal
